
Microsoft Visual Studio Solution File, Format Version 12.00
# Visual Studio Version 17
VisualStudioVersion = 17.13.35828.75 d17.13
MinimumVisualStudioVersion = 10.0.40219.1
Project("{2150E333-8FDC-42A3-9474-1A3956D46DE8}") = "src", "src", "{02EA681E-C7D8-13C7-8484-4AC65E1B71E8}"
EndProject
Project("{FAE04EC0-301F-11D3-BF4B-00C04F79EFBC}") = "Recommendation", "src\Recommendation\Recommendation.csproj", "{85DDA3E2-4324-4CFC-8112-A35C2224DDEF}"
EndProject
Global
	GlobalSection(SolutionConfigurationPlatforms) = preSolution
		Debug|Any CPU = Debug|Any CPU
		Release|Any CPU = Release|Any CPU
	EndGlobalSection
	GlobalSection(ProjectConfigurationPlatforms) = postSolution
		{85DDA3E2-4324-4CFC-8112-A35C2224DDEF}.Debug|Any CPU.ActiveCfg = Debug|Any CPU
		{85DDA3E2-4324-4CFC-8112-A35C2224DDEF}.Debug|Any CPU.Build.0 = Debug|Any CPU
		{85DDA3E2-4324-4CFC-8112-A35C2224DDEF}.Release|Any CPU.ActiveCfg = Release|Any CPU
		{85DDA3E2-4324-4CFC-8112-A35C2224DDEF}.Release|Any CPU.Build.0 = Release|Any CPU
	EndGlobalSection
	GlobalSection(SolutionProperties) = preSolution
		HideSolutionNode = FALSE
	EndGlobalSection
	GlobalSection(NestedProjects) = preSolution
		{85DDA3E2-4324-4CFC-8112-A35C2224DDEF} = {02EA681E-C7D8-13C7-8484-4AC65E1B71E8}
	EndGlobalSection
	GlobalSection(ExtensibilityGlobals) = postSolution
		SolutionGuid = {E2071C89-EC8A-4E1B-BD5B-850BE69519F8}
	EndGlobalSection
EndGlobal
